
Microsoft Visual Studio Solution File, Format Version 12.00
# Visual Studio Version 17
VisualStudioVersion = 17.14.36414.22
MinimumVisualStudioVersion = 10.0.40219.1
Project("{FAE04EC0-301F-11D3-BF4B-00C04F79EFBC}") = "NSCC-WebAppProg-SeatYourself", "NSCC-WebAppProg-SeatYourself\NSCC-WebAppProg-SeatYourself.csproj", "{F4CB3FF6-A7A2-4542-A7C4-1B820DBD420F}"
EndProject
Global
	GlobalSection(SolutionConfigurationPlatforms) = preSolution
		Debug|Any CPU = Debug|Any CPU
		Release|Any CPU = Release|Any CPU
	EndGlobalSection
	GlobalSection(ProjectConfigurationPlatforms) = postSolution
		{F4CB3FF6-A7A2-4542-A7C4-1B820DBD420F}.Debug|Any CPU.ActiveCfg = Debug|Any CPU
		{F4CB3FF6-A7A2-4542-A7C4-1B820DBD420F}.Debug|Any CPU.Build.0 = Debug|Any CPU
		{F4CB3FF6-A7A2-4542-A7C4-1B820DBD420F}.Release|Any CPU.ActiveCfg = Release|Any CPU
		{F4CB3FF6-A7A2-4542-A7C4-1B820DBD420F}.Release|Any CPU.Build.0 = Release|Any CPU
	EndGlobalSection
	GlobalSection(SolutionProperties) = preSolution
		HideSolutionNode = FALSE
	EndGlobalSection
	GlobalSection(ExtensibilityGlobals) = postSolution
		SolutionGuid = {975FD53F-EBE0-4438-8C99-43A42970F18D}
	EndGlobalSection
EndGlobal
